
Microsoft Visual Studio Solution File, Format Version 12.00
Project("{FAE04EC0-301F-11D3-BF4B-00C04F79EFBC}") = "API", "API\API.csproj", "{E26998CC-09B9-4B01-BEF7-0673E4DE97EA}"
EndProject
Global
	GlobalSection(SolutionConfigurationPlatforms) = preSolution
		Debug|Any CPU = Debug|Any CPU
		Release|Any CPU = Release|Any CPU
	EndGlobalSection
	GlobalSection(ProjectConfigurationPlatforms) = postSolution
		{E26998CC-09B9-4B01-BEF7-0673E4DE97EA}.Debug|Any CPU.ActiveCfg = Debug|Any CPU
		{E26998CC-09B9-4B01-BEF7-0673E4DE97EA}.Debug|Any CPU.Build.0 = Debug|Any CPU
		{E26998CC-09B9-4B01-BEF7-0673E4DE97EA}.Release|Any CPU.ActiveCfg = Release|Any CPU
		{E26998CC-09B9-4B01-BEF7-0673E4DE97EA}.Release|Any CPU.Build.0 = Release|Any CPU
	EndGlobalSection
EndGlobal
